{
  "version": "2",
  "remote": {
    "https://deno.land/std@0.170.0/fmt/colors.ts": "03ad95e543d2808bc43c17a3dd29d25b43d0f16287fe562a0be89bf632454a12",
    "https://deno.land/std@0.178.0/fmt/colors.ts": "938c5d44d889fb82eff6c358bea8baa7e85950a16c9f6dae3ec3a7a729164471",
    "https://deno.land/std@0.178.0/testing/_diff.ts": "1a3c044aedf77647d6cac86b798c6417603361b66b54c53331b312caeb447aea",
    "https://deno.land/std@0.178.0/testing/_format.ts": "a69126e8a469009adf4cf2a50af889aca364c349797e63174884a52ff75cf4c7",
    "https://deno.land/std@0.178.0/testing/asserts.ts": "984ab0bfb3faeed92ffaa3a6b06536c66811185328c5dd146257c702c41b01ab",
    "https://deno.land/std@0.183.0/_util/asserts.ts": "178dfc49a464aee693a7e285567b3d0b555dc805ff490505a8aae34f9cfb1462",
    "https://deno.land/std@0.183.0/_util/os.ts": "d932f56d41e4f6a6093d56044e29ce637f8dcc43c5a90af43504a889cf1775e3",
    "https://deno.land/std@0.183.0/fmt/colors.ts": "d67e3cd9f472535241a8e410d33423980bec45047e343577554d3356e1f0ef4e",
    "https://deno.land/std@0.183.0/path/_constants.ts": "e49961f6f4f48039c0dfed3c3f93e963ca3d92791c9d478ac5b43183413136e0",
    "https://deno.land/std@0.183.0/path/_interface.ts": "6471159dfbbc357e03882c2266d21ef9afdb1e4aa771b0545e90db58a0ba314b",
    "https://deno.land/std@0.183.0/path/_util.ts": "d7abb1e0dea065f427b89156e28cdeb32b045870acdf865833ba808a73b576d0",
    "https://deno.land/std@0.183.0/path/common.ts": "ee7505ab01fd22de3963b64e46cff31f40de34f9f8de1fff6a1bd2fe79380000",
    "https://deno.land/std@0.183.0/path/glob.ts": "d479e0a695621c94d3fd7fe7abd4f9499caf32a8de13f25073451c6ef420a4e1",
    "https://deno.land/std@0.183.0/path/mod.ts": "bf718f19a4fdd545aee1b06409ca0805bd1b68ecf876605ce632e932fe54510c",
    "https://deno.land/std@0.183.0/path/posix.ts": "8b7c67ac338714b30c816079303d0285dd24af6b284f7ad63da5b27372a2c94d",
    "https://deno.land/std@0.183.0/path/separator.ts": "0fb679739d0d1d7bf45b68dacfb4ec7563597a902edbaf3c59b50d5bcadd93b1",
    "https://deno.land/std@0.183.0/path/win32.ts": "d186344e5583bcbf8b18af416d13d82b35a317116e6460a5a3953508c3de5bba",
    "https://deno.land/x/cliffy@v0.25.7/_utils/distance.ts": "02af166952c7c358ac83beae397aa2fbca4ad630aecfcd38d92edb1ea429f004",
    "https://deno.land/x/cliffy@v0.25.7/command/_errors.ts": "a9bd23dc816b32ec96c9b8f3057218241778d8c40333b43341138191450965e5",
    "https://deno.land/x/cliffy@v0.25.7/command/_utils.ts": "9ab3d69fabab6c335b881b8a5229cbd5db0c68f630a1c307aff988b6396d9baf",
    "https://deno.land/x/cliffy@v0.25.7/command/command.ts": "a2b83c612acd65c69116f70dec872f6da383699b83874b70fcf38cddf790443f",
    "https://deno.land/x/cliffy@v0.25.7/command/completions/_bash_completions_generator.ts": "43b4abb543d4dc60233620d51e69d82d3b7c44e274e723681e0dce2a124f69f9",
    "https://deno.land/x/cliffy@v0.25.7/command/completions/_fish_completions_generator.ts": "d0289985f5cf0bd288c05273bfa286b24c27feb40822eb7fd9d7fee64e6580e8",
    "https://deno.land/x/cliffy@v0.25.7/command/completions/_zsh_completions_generator.ts": "14461eb274954fea4953ee75938821f721da7da607dc49bcc7db1e3f33a207bd",
    "https://deno.land/x/cliffy@v0.25.7/command/completions/bash.ts": "053aa2006ec327ccecacb00ba28e5eb836300e5c1bec1b3cfaee9ddcf8189756",
    "https://deno.land/x/cliffy@v0.25.7/command/completions/complete.ts": "58df61caa5e6220ff2768636a69337923ad9d4b8c1932aeb27165081c4d07d8b",
    "https://deno.land/x/cliffy@v0.25.7/command/completions/fish.ts": "9938beaa6458c6cf9e2eeda46a09e8cd362d4f8c6c9efe87d3cd8ca7477402a5",
    "https://deno.land/x/cliffy@v0.25.7/command/completions/mod.ts": "aeef7ec8e319bb157c39a4bab8030c9fe8fa327b4c1e94c9c1025077b45b40c0",
    "https://deno.land/x/cliffy@v0.25.7/command/completions/zsh.ts": "8b04ab244a0b582f7927d405e17b38602428eeb347a9968a657e7ea9f40e721a",
    "https://deno.land/x/cliffy@v0.25.7/command/deprecated.ts": "bbe6670f1d645b773d04b725b8b8e7814c862c9f1afba460c4d599ffe9d4983c",
    "https://deno.land/x/cliffy@v0.25.7/command/deps.ts": "275b964ce173770bae65f6b8ebe9d2fd557dc10292cdd1ed3db1735f0d77fa1d",
    "https://deno.land/x/cliffy@v0.25.7/command/help/_help_generator.ts": "f7c349cb2ddb737e70dc1f89bcb1943ca9017a53506be0d4138e0aadb9970a49",
    "https://deno.land/x/cliffy@v0.25.7/command/help/mod.ts": "09d74d3eb42d21285407cda688074c29595d9c927b69aedf9d05ff3f215820d3",
    "https://deno.land/x/cliffy@v0.25.7/command/mod.ts": "d0a32df6b14028e43bb2d41fa87d24bc00f9662a44e5a177b3db02f93e473209",
    "https://deno.land/x/cliffy@v0.25.7/command/type.ts": "24e88e3085e1574662b856ccce70d589959648817135d4469fab67b9cce1b364",
    "https://deno.land/x/cliffy@v0.25.7/command/types.ts": "ae02eec0ed7a769f7dba2dd5d3a931a61724b3021271b1b565cf189d9adfd4a0",
    "https://deno.land/x/cliffy@v0.25.7/command/types/action_list.ts": "33c98d449617c7a563a535c9ceb3741bde9f6363353fd492f90a74570c611c27",
    "https://deno.land/x/cliffy@v0.25.7/command/types/boolean.ts": "3879ec16092b4b5b1a0acb8675f8c9250c0b8a972e1e4c7adfba8335bd2263ed",
    "https://deno.land/x/cliffy@v0.25.7/command/types/child_command.ts": "f1fca390c7fbfa7a713ca15ef55c2c7656bcbb394d50e8ef54085bdf6dc22559",
    "https://deno.land/x/cliffy@v0.25.7/command/types/command.ts": "325d0382e383b725fd8d0ef34ebaeae082c5b76a1f6f2e843fee5dbb1a4fe3ac",
    "https://deno.land/x/cliffy@v0.25.7/command/types/enum.ts": "2178345972adf7129a47e5f02856ca3e6852a91442a1c78307dffb8a6a3c6c9f",
    "https://deno.land/x/cliffy@v0.25.7/command/types/file.ts": "8618f16ac9015c8589cbd946b3de1988cc4899b90ea251f3325c93c46745140e",
    "https://deno.land/x/cliffy@v0.25.7/command/types/integer.ts": "29864725fd48738579d18123d7ee78fed37515e6dc62146c7544c98a82f1778d",
    "https://deno.land/x/cliffy@v0.25.7/command/types/number.ts": "aeba96e6f470309317a16b308c82e0e4138a830ec79c9877e4622c682012bc1f",
    "https://deno.land/x/cliffy@v0.25.7/command/types/string.ts": "e4dadb08a11795474871c7967beab954593813bb53d9f69ea5f9b734e43dc0e0",
    "https://deno.land/x/cliffy@v0.25.7/command/upgrade/mod.ts": "17e2df3b620905583256684415e6c4a31e8de5c59066eb6d6c9c133919292dc4",
    "https://deno.land/x/cliffy@v0.25.7/command/upgrade/provider.ts": "d6fb846043232cbd23c57d257100c7fc92274984d75a5fead0f3e4266dc76ab8",
    "https://deno.land/x/cliffy@v0.25.7/command/upgrade/provider/deno_land.ts": "24f8d82e38c51e09be989f30f8ad21f9dd41ac1bb1973b443a13883e8ba06d6d",
    "https://deno.land/x/cliffy@v0.25.7/command/upgrade/provider/github.ts": "99e1b133dd446c6aa79f69e69c46eb8bc1c968dd331c2a7d4064514a317c7b59",
    "https://deno.land/x/cliffy@v0.25.7/command/upgrade/provider/nest_land.ts": "0e07936cea04fa41ac9297f32d87f39152ea873970c54cb5b4934b12fee1885e",
    "https://deno.land/x/cliffy@v0.25.7/command/upgrade/upgrade_command.ts": "3640a287d914190241ea1e636774b1b4b0e1828fa75119971dd5304784061e05",
    "https://deno.land/x/cliffy@v0.25.7/flags/_errors.ts": "f1fbb6bfa009e7950508c9d491cfb4a5551027d9f453389606adb3f2327d048f",
    "https://deno.land/x/cliffy@v0.25.7/flags/_utils.ts": "340d3ecab43cde9489187e1f176504d2c58485df6652d1cdd907c0e9c3ce4cc2",
    "https://deno.land/x/cliffy@v0.25.7/flags/_validate_flags.ts": "16eb5837986c6f6f7620817820161a78d66ce92d690e3697068726bbef067452",
    "https://deno.land/x/cliffy@v0.25.7/flags/deprecated.ts": "a72a35de3cc7314e5ebea605ca23d08385b218ef171c32a3f135fb4318b08126",
    "https://deno.land/x/cliffy@v0.25.7/flags/flags.ts": "68a9dfcacc4983a84c07ba19b66e5e9fccd04389fad215210c60fb414cc62576",
    "https://deno.land/x/cliffy@v0.25.7/flags/types.ts": "7452ea5296758fb7af89930349ce40d8eb9a43b24b3f5759283e1cb5113075fd",
    "https://deno.land/x/cliffy@v0.25.7/flags/types/boolean.ts": "4c026dd66ec9c5436860dc6d0241427bdb8d8e07337ad71b33c08193428a2236",
    "https://deno.land/x/cliffy@v0.25.7/flags/types/integer.ts": "b60d4d590f309ddddf066782d43e4dc3799f0e7d08e5ede7dc62a5ee94b9a6d9",
    "https://deno.land/x/cliffy@v0.25.7/flags/types/number.ts": "610936e2d29de7c8c304b65489a75ebae17b005c6122c24e791fbed12444d51e",
    "https://deno.land/x/cliffy@v0.25.7/flags/types/string.ts": "e89b6a5ce322f65a894edecdc48b44956ec246a1d881f03e97bbda90dd8638c5",
    "https://deno.land/x/cliffy@v0.25.7/table/border.ts": "2514abae4e4f51eda60a5f8c927ba24efd464a590027e900926b38f68e01253c",
    "https://deno.land/x/cliffy@v0.25.7/table/cell.ts": "1d787d8006ac8302020d18ec39f8d7f1113612c20801b973e3839de9c3f8b7b3",
    "https://deno.land/x/cliffy@v0.25.7/table/deps.ts": "5b05fa56c1a5e2af34f2103fd199e5f87f0507549963019563eae519271819d2",
    "https://deno.land/x/cliffy@v0.25.7/table/layout.ts": "46bf10ae5430cf4fbb92f23d588230e9c6336edbdb154e5c9581290562b169f4",
    "https://deno.land/x/cliffy@v0.25.7/table/row.ts": "5f519ba7488d2ef76cbbf50527f10f7957bfd668ce5b9169abbc44ec88302645",
    "https://deno.land/x/cliffy@v0.25.7/table/table.ts": "ec204c9d08bb3ff1939c5ac7412a4c9ed7d00925d4fc92aff9bfe07bd269258d",
    "https://deno.land/x/cliffy@v0.25.7/table/utils.ts": "187bb7dcbcfb16199a5d906113f584740901dfca1007400cba0df7dcd341bc29",
    "https://deno.land/x/copb@v1.0.1/lib/copb.ts": "49c807431a38eda063b2f99f69c8ebdb9c316a7fc3957b618932e78bee3361fb",
    "https://deno.land/x/copb@v1.0.1/mod.ts": "664b6af5d0bf0339e3461ac69e6b06f052a322b7bfc1ec2fbc701fb525c56ba3",
    "https://deno.land/x/copb@v1.0.1/version.ts": "e1ce0be2da17592e301891cbffa0f00490c987be292434b852022c81d4d6800e",
    "https://deno.land/x/fun@v2.0.0-alpha.10/alt.ts": "b61816a6a848b40eb40ec4548c4c00496dbc8df5f25d2e49fb35164fbd2d3ca3",
    "https://deno.land/x/fun@v2.0.0-alpha.10/applicative.ts": "123483ae07379c29784a1a254b05c35ba50f3091f121a3257c03592d181bcb99",
    "https://deno.land/x/fun@v2.0.0-alpha.10/apply.ts": "e2349f7b784525ecbad506325e106916c5290f1c65ef879dbf8ced5d3ed94858",
    "https://deno.land/x/fun@v2.0.0-alpha.10/array.ts": "c956487a5a4948709b97642dd742f3bf32a88dc834f995f866fae5984064f525",
    "https://deno.land/x/fun@v2.0.0-alpha.10/async.ts": "c8bdb0d842c2381e99c59e4fd0734b13233084949fbefc4b715c3a1b89a61a90",
    "https://deno.land/x/fun@v2.0.0-alpha.10/async_either.ts": "4e432e3475a9521df9d3b503d57a9bb8c5bbdc586c7688e6563aa689c7b160b9",
    "https://deno.land/x/fun@v2.0.0-alpha.10/bifunctor.ts": "514c39b7d64829b0f0623532aed1cb798bd87195b16f2998c11f0f13784347f0",
    "https://deno.land/x/fun@v2.0.0-alpha.10/category.ts": "3bfe48095def1826d188d2574749bf02e419e3c9c21c95ac5c57ea93ef4d3cbf",
    "https://deno.land/x/fun@v2.0.0-alpha.10/chain.ts": "73903ea7542ba84d71c8c77b68e51fad66dbc9dba66d98ebfe039888811f5cab",
    "https://deno.land/x/fun@v2.0.0-alpha.10/comonad.ts": "7afff3dd7228143293ceb3324b18a5a2aebb90698f68199971557d3c8e272e09",
    "https://deno.land/x/fun@v2.0.0-alpha.10/contravariant.ts": "cbab76a4b3f30e4f962ca0e261180f957dc3a6065ad8ef2d58430306ebf92817",
    "https://deno.land/x/fun@v2.0.0-alpha.10/either.ts": "d9b6da776f297db29170c168fe21e0ef91a13fc81f52bc297abbc24c264d21c5",
    "https://deno.land/x/fun@v2.0.0-alpha.10/eq.ts": "6b5372adcd1604f099a60734704091f80bce66c8b77ce87b4d25d406260ae562",
    "https://deno.land/x/fun@v2.0.0-alpha.10/extend.ts": "05716a9e32a6bad4730d0c2df77d762746832344071c050b570618fc881324d3",
    "https://deno.land/x/fun@v2.0.0-alpha.10/filterable.ts": "e276588c8dce77054d60210e2d7a3a1d59b90bb859d697dc5387f1b7642c0a62",
    "https://deno.land/x/fun@v2.0.0-alpha.10/fn.ts": "dd6bec89ceb1c3617ebd0abdca58bb9391e574bcc14a03dac7116baf6b8e66f8",
    "https://deno.land/x/fun@v2.0.0-alpha.10/foldable.ts": "fd35ffe77b94b57f2a4dd9012f36890cd45340c3daa57a0fde31fe3b1b080ce1",
    "https://deno.land/x/fun@v2.0.0-alpha.10/functor.ts": "9a6335138f79a7f7c5a83fdf8bc5ed7cc2018cf2be4bf3785a9b2b5f1103734c",
    "https://deno.land/x/fun@v2.0.0-alpha.10/kind.ts": "4f40ff5083c762bf8e93f2138d6d30fe77af71d030d7e2dcd5553b35c9afcdd8",
    "https://deno.land/x/fun@v2.0.0-alpha.10/monad.ts": "85f9606c0db4a034e82511c13d99cc699267452cece3e9e63690f9cf1d738486",
    "https://deno.land/x/fun@v2.0.0-alpha.10/monoid.ts": "0d0395fef0649dea804e0996beeebdc903d57bb09685cb6102e0d27b2984b0c9",
    "https://deno.land/x/fun@v2.0.0-alpha.10/nilable.ts": "2b4d651ecff90c282a7959e2d731e456d76960bb9ea8cf42d3366963d3d29ece",
    "https://deno.land/x/fun@v2.0.0-alpha.10/option.ts": "2fbba4ebfb3d3ec43cca49e76f2b12ee276ae559eeecc909c50aad13cc9ca8a4",
    "https://deno.land/x/fun@v2.0.0-alpha.10/ord.ts": "fefef7fe3b77752566aa395982ccea7a71fa8f99e6fe28f601c8bbeaf0772dcd",
    "https://deno.land/x/fun@v2.0.0-alpha.10/pair.ts": "ff6e32a1922cea2a185936860486aa18058d8b43cc6c0171f09df193ac6e2e31",
    "https://deno.land/x/fun@v2.0.0-alpha.10/predicate.ts": "e0bc4791efb36a0e2fed9436bb44d508af504e94efb87ceff9567108be9abd51",
    "https://deno.land/x/fun@v2.0.0-alpha.10/profunctor.ts": "41b1a380f484bb4c80d1e68294f83bcc8957b6ae306361145a594feafc97706c",
    "https://deno.land/x/fun@v2.0.0-alpha.10/promise.ts": "bc9aeaa9e6d2779ec2a9011fa1882358b37463fff3267075c033384364b811c3",
    "https://deno.land/x/fun@v2.0.0-alpha.10/record.ts": "6d21deadee621594533ba37e56cd84dc31693519cee408134a22af2c0e28dfe5",
    "https://deno.land/x/fun@v2.0.0-alpha.10/refinement.ts": "f31b64c5ab09ed15a1f06ec9bf0abc874aab05e67c64a2e5b5dbe2c3def456ee",
    "https://deno.land/x/fun@v2.0.0-alpha.10/schemable.ts": "fd8e44ca6c2a6905ba9fd6ad9032a88028788f5a43ae97780a3cb050b0301fec",
    "https://deno.land/x/fun@v2.0.0-alpha.10/semigroup.ts": "49d1fb0d5c46c0c57ce0e138b4e8ce8da7da2f0c298f467338772d34b5554ef1",
    "https://deno.land/x/fun@v2.0.0-alpha.10/semigroupoid.ts": "c60020ed61cb4260c94030ee3a2e9c64c7993bdb75f3e25e14a5d9c1abe89042",
    "https://deno.land/x/fun@v2.0.0-alpha.10/show.ts": "a14a323dab7981f1b1a59d9a6f6181ec9cb8ad3a71ae9f9bea8ae429145f6886",
    "https://deno.land/x/fun@v2.0.0-alpha.10/sync.ts": "818b0629de01c78cb689dfa15ab0324bae3af3ee0f874254f1ad8b5f9b873664",
    "https://deno.land/x/fun@v2.0.0-alpha.10/traversable.ts": "932fa7238440ca1efbca4ff7ed8df1126c126018838c355a055edae60898e337",
    "https://deno.land/x/promise_object@v0.10.0/index.ts": "095e9fed1c0948110c8ded200814b051ac105ec2315b7ffc2c8ab51250d5a82b"
  },
  "npm": {
    "specifiers": {
      "outdent": "outdent@0.8.0",
      "ts-pattern": "ts-pattern@4.1.4"
    },
    "packages": {
      "outdent@0.8.0": {
        "integrity": "sha512-KiOAIsdpUTcAXuykya5fnVVT+/5uS0Q1mrkRHcF89tpieSmY33O/tmc54CqwA+bfhbtEfZUNLHaPUiB9X3jt1A==",
        "dependencies": {}
      },
      "ts-pattern@4.1.4": {
        "integrity": "sha512-Mcw65oUd1w5ktKi5BRwrnz16Otwk9iv7P0dKgvbi+A1albCDgnixohSqNLuFwIp5dzxPmTPm0iDQ6p1ZJr9uGw==",
        "dependencies": {}
      }
    }
  }
}
